
Microsoft Visual Studio Solution File, Format Version 12.00
# Visual Studio Version 17
VisualStudioVersion = 17.10.35027.167
MinimumVisualStudioVersion = 10.0.40219.1
Project("{9A19103F-16F7-4668-BE54-9A1E7A4F7556}") = "6BDigital", "6BDigital\6BDigital.csproj", "{5AFA9269-9383-4232-8654-B0C5AFAEDE6D}"
EndProject
Project("{9A19103F-16F7-4668-BE54-9A1E7A4F7556}") = "6BDigital.Data", "6BDigital.Data\6BDigital.Data.csproj", "{A47AEB6B-8768-4D39-82B7-56EDBFCC09F9}"
EndProject
Project("{9A19103F-16F7-4668-BE54-9A1E7A4F7556}") = "6BDigital.Application", "6BDigital.Application\6BDigital.Application.csproj", "{E2B7A2F3-13C3-4E9B-A6FA-49DF6E33A9C5}"
EndProject
Project("{9A19103F-16F7-4668-BE54-9A1E7A4F7556}") = "6BDigital.Domain", "6BDigital.Domain\6BDigital.Domain.csproj", "{4006CFFC-C802-4D70-B29B-837AEF9E2ECC}"
EndProject
Project("{9A19103F-16F7-4668-BE54-9A1E7A4F7556}") = "6BDigital.DbUp", "6BDigital.DbUp\6BDigital.DbUp.csproj", "{F214B830-6116-4584-AE5E-306932E52A58}"
EndProject
Project("{2150E333-8FDC-42A3-9474-1A3956D46DE8}") = "01 - Presentation", "01 - Presentation", "{38E3E437-1A7C-49AC-B541-7C560BD7FB21}"
EndProject
Project("{2150E333-8FDC-42A3-9474-1A3956D46DE8}") = "02 - Application", "02 - Application", "{D570829A-1FC0-4AC7-BC7F-DFFAAA01224F}"
EndProject
Project("{2150E333-8FDC-42A3-9474-1A3956D46DE8}") = "03 - Domain", "03 - Domain", "{A9620DDD-7763-4156-9B61-2111C2F6E665}"
EndProject
Project("{2150E333-8FDC-42A3-9474-1A3956D46DE8}") = "04 - Data", "04 - Data", "{B5C569A4-6AAB-400E-B34E-DE32AB0DFAAF}"
EndProject
Global
	GlobalSection(SolutionConfigurationPlatforms) = preSolution
		Debug|Any CPU = Debug|Any CPU
		Release|Any CPU = Release|Any CPU
	EndGlobalSection
	GlobalSection(ProjectConfigurationPlatforms) = postSolution
		{5AFA9269-9383-4232-8654-B0C5AFAEDE6D}.Debug|Any CPU.ActiveCfg = Debug|Any CPU
		{5AFA9269-9383-4232-8654-B0C5AFAEDE6D}.Debug|Any CPU.Build.0 = Debug|Any CPU
		{5AFA9269-9383-4232-8654-B0C5AFAEDE6D}.Release|Any CPU.ActiveCfg = Release|Any CPU
		{5AFA9269-9383-4232-8654-B0C5AFAEDE6D}.Release|Any CPU.Build.0 = Release|Any CPU
		{A47AEB6B-8768-4D39-82B7-56EDBFCC09F9}.Debug|Any CPU.ActiveCfg = Debug|Any CPU
		{A47AEB6B-8768-4D39-82B7-56EDBFCC09F9}.Debug|Any CPU.Build.0 = Debug|Any CPU
		{A47AEB6B-8768-4D39-82B7-56EDBFCC09F9}.Release|Any CPU.ActiveCfg = Release|Any CPU
		{A47AEB6B-8768-4D39-82B7-56EDBFCC09F9}.Release|Any CPU.Build.0 = Release|Any CPU
		{E2B7A2F3-13C3-4E9B-A6FA-49DF6E33A9C5}.Debug|Any CPU.ActiveCfg = Debug|Any CPU
		{E2B7A2F3-13C3-4E9B-A6FA-49DF6E33A9C5}.Debug|Any CPU.Build.0 = Debug|Any CPU
		{E2B7A2F3-13C3-4E9B-A6FA-49DF6E33A9C5}.Release|Any CPU.ActiveCfg = Release|Any CPU
		{E2B7A2F3-13C3-4E9B-A6FA-49DF6E33A9C5}.Release|Any CPU.Build.0 = Release|Any CPU
		{4006CFFC-C802-4D70-B29B-837AEF9E2ECC}.Debug|Any CPU.ActiveCfg = Debug|Any CPU
		{4006CFFC-C802-4D70-B29B-837AEF9E2ECC}.Debug|Any CPU.Build.0 = Debug|Any CPU
		{4006CFFC-C802-4D70-B29B-837AEF9E2ECC}.Release|Any CPU.ActiveCfg = Release|Any CPU
		{4006CFFC-C802-4D70-B29B-837AEF9E2ECC}.Release|Any CPU.Build.0 = Release|Any CPU
		{F214B830-6116-4584-AE5E-306932E52A58}.Debug|Any CPU.ActiveCfg = Debug|Any CPU
		{F214B830-6116-4584-AE5E-306932E52A58}.Debug|Any CPU.Build.0 = Debug|Any CPU
		{F214B830-6116-4584-AE5E-306932E52A58}.Release|Any CPU.ActiveCfg = Release|Any CPU
		{F214B830-6116-4584-AE5E-306932E52A58}.Release|Any CPU.Build.0 = Release|Any CPU
	EndGlobalSection
	GlobalSection(SolutionProperties) = preSolution
		HideSolutionNode = FALSE
	EndGlobalSection
	GlobalSection(NestedProjects) = preSolution
		{5AFA9269-9383-4232-8654-B0C5AFAEDE6D} = {38E3E437-1A7C-49AC-B541-7C560BD7FB21}
		{A47AEB6B-8768-4D39-82B7-56EDBFCC09F9} = {B5C569A4-6AAB-400E-B34E-DE32AB0DFAAF}
		{E2B7A2F3-13C3-4E9B-A6FA-49DF6E33A9C5} = {D570829A-1FC0-4AC7-BC7F-DFFAAA01224F}
		{4006CFFC-C802-4D70-B29B-837AEF9E2ECC} = {A9620DDD-7763-4156-9B61-2111C2F6E665}
		{F214B830-6116-4584-AE5E-306932E52A58} = {B5C569A4-6AAB-400E-B34E-DE32AB0DFAAF}
	EndGlobalSection
	GlobalSection(ExtensibilityGlobals) = postSolution
		SolutionGuid = {83C9454B-94F5-4B82-9CFE-0A19AE5911AE}
	EndGlobalSection
EndGlobal
